// !$*UTF8*$!
{
	archiveVersion = 1;
	classes = {
	};
	objectVersion = 55;
	objects = {

/* Begin PBXBuildFile section */
		DF325903282C6187004233A6 /* Alerta.swift in Sources */ = {isa = PBXBuildFile; fileRef = DF325902282C6187004233A6 /* Alerta.swift */; };
		DF338FFB282D879A00ACE7C6 /* RemoveRefeicaoViewController.swift in Sources */ = {isa = PBXBuildFile; fileRef = DF338FFA282D879A00ACE7C6 /* RemoveRefeicaoViewController.swift */; };
		DF592E7D2819F6C200F5A001 /* AppDelegate.swift in Sources */ = {isa = PBXBuildFile; fileRef = DF592E7C2819F6C200F5A001 /* AppDelegate.swift */; };
		DF592E7F2819F6C200F5A001 /* SceneDelegate.swift in Sources */ = {isa = PBXBuildFile; fileRef = DF592E7E2819F6C200F5A001 /* SceneDelegate.swift */; };
		DF592E812819F6C200F5A001 /* ViewController.swift in Sources */ = {isa = PBXBuildFile; fileRef = DF592E802819F6C200F5A001 /* ViewController.swift */; };
		DF592E842819F6C200F5A001 /* Main.storyboard in Resources */ = {isa = PBXBuildFile; fileRef = DF592E822819F6C200F5A001 /* Main.storyboard */; };
		DF592E862819F6C700F5A001 /* Assets.xcassets in Resources */ = {isa = PBXBuildFile; fileRef = DF592E852819F6C700F5A001 /* Assets.xcassets */; };
		DF592E892819F6C700F5A001 /* LaunchScreen.storyboard in Resources */ = {isa = PBXBuildFile; fileRef = DF592E872819F6C700F5A001 /* LaunchScreen.storyboard */; };
		DF592E942819F7BC00F5A001 /* Refeicao.swift in Sources */ = {isa = PBXBuildFile; fileRef = DF592E932819F7BC00F5A001 /* Refeicao.swift */; };
		DF592E962819F7D500F5A001 /* Item.swift in Sources */ = {isa = PBXBuildFile; fileRef = DF592E952819F7D500F5A001 /* Item.swift */; };
		DF592E982820573100F5A001 /* RefeicoesTableViewController.swift in Sources */ = {isa = PBXBuildFile; fileRef = DF592E972820573100F5A001 /* RefeicoesTableViewController.swift */; };
		DF5C2FEF2832D76000B24BBB /* RefeicaoDao.swift in Sources */ = {isa = PBXBuildFile; fileRef = DF5C2FEE2832D76000B24BBB /* RefeicaoDao.swift */; };
		DF5FAA8F28295E9B00539B60 /* AdicionarItensViewController.swift in Sources */ = {isa = PBXBuildFile; fileRef = DF5FAA8D28295E9B00539B60 /* AdicionarItensViewController.swift */; };
		DF5FAA9028295E9B00539B60 /* AdicionarItensViewController.xib in Resources */ = {isa = PBXBuildFile; fileRef = DF5FAA8E28295E9B00539B60 /* AdicionarItensViewController.xib */; };
/* End PBXBuildFile section */

/* Begin PBXFileReference section */
		DF325902282C6187004233A6 /* Alerta.swift */ = {isa = PBXFileReference; lastKnownFileType = sourcecode.swift; path = Alerta.swift; sourceTree = "<group>"; };
		DF338FFA282D879A00ACE7C6 /* RemoveRefeicaoViewController.swift */ = {isa = PBXFileReference; lastKnownFileType = sourcecode.swift; path = RemoveRefeicaoViewController.swift; sourceTree = "<group>"; };
		DF592E792819F6C200F5A001 /* ios-refeicao.app */ = {isa = PBXFileReference; explicitFileType = wrapper.application; includeInIndex = 0; path = "ios-refeicao.app"; sourceTree = BUILT_PRODUCTS_DIR; };
		DF592E7C2819F6C200F5A001 /* AppDelegate.swift */ = {isa = PBXFileReference; lastKnownFileType = sourcecode.swift; path = AppDelegate.swift; sourceTree = "<group>"; };
		DF592E7E2819F6C200F5A001 /* SceneDelegate.swift */ = {isa = PBXFileReference; lastKnownFileType = sourcecode.swift; path = SceneDelegate.swift; sourceTree = "<group>"; };
		DF592E802819F6C200F5A001 /* ViewController.swift */ = {isa = PBXFileReference; lastKnownFileType = sourcecode.swift; path = ViewController.swift; sourceTree = "<group>"; };
		DF592E832819F6C200F5A001 /* Base */ = {isa = PBXFileReference; lastKnownFileType = file.storyboard; name = Base; path = Base.lproj/Main.storyboard; sourceTree = "<group>"; };
		DF592E852819F6C700F5A001 /* Assets.xcassets */ = {isa = PBXFileReference; lastKnownFileType = folder.assetcatalog; path = Assets.xcassets; sourceTree = "<group>"; };
		DF592E882819F6C700F5A001 /* Base */ = {isa = PBXFileReference; lastKnownFileType = file.storyboard; name = Base; path = Base.lproj/LaunchScreen.storyboard; sourceTree = "<group>"; };
		DF592E8A2819F6C700F5A001 /* Info.plist */ = {isa = PBXFileReference; lastKnownFileType = text.plist.xml; path = Info.plist; sourceTree = "<group>"; };
		DF592E932819F7BC00F5A001 /* Refeicao.swift */ = {isa = PBXFileReference; lastKnownFileType = sourcecode.swift; path = Refeicao.swift; sourceTree = "<group>"; };
		DF592E952819F7D500F5A001 /* Item.swift */ = {isa = PBXFileReference; lastKnownFileType = sourcecode.swift; path = Item.swift; sourceTree = "<group>"; };
		DF592E972820573100F5A001 /* RefeicoesTableViewController.swift */ = {isa = PBXFileReference; lastKnownFileType = sourcecode.swift; path = RefeicoesTableViewController.swift; sourceTree = "<group>"; };
		DF5C2FEE2832D76000B24BBB /* RefeicaoDao.swift */ = {isa = PBXFileReference; lastKnownFileType = sourcecode.swift; path = RefeicaoDao.swift; sourceTree = "<group>"; };
		DF5FAA8D28295E9B00539B60 /* AdicionarItensViewController.swift */ = {isa = PBXFileReference; lastKnownFileType = sourcecode.swift; path = AdicionarItensViewController.swift; sourceTree = "<group>"; };
		DF5FAA8E28295E9B00539B60 /* AdicionarItensViewController.xib */ = {isa = PBXFileReference; lastKnownFileType = file.xib; path = AdicionarItensViewController.xib; sourceTree = "<group>"; };
/* End PBXFileReference section */

/* Begin PBXFrameworksBuildPhase section */
		DF592E762819F6C200F5A001 /* Frameworks */ = {
			isa = PBXFrameworksBuildPhase;
			buildActionMask = 2147483647;
			files = (
			);
			runOnlyForDeploymentPostprocessing = 0;
		};
/* End PBXFrameworksBuildPhase section */

/* Begin PBXGroup section */
		DF592E702819F6C200F5A001 = {
			isa = PBXGroup;
			children = (
				DF592E7B2819F6C200F5A001 /* ios-refeicao */,
				DF592E7A2819F6C200F5A001 /* Products */,
			);
			sourceTree = "<group>";
		};
		DF592E7A2819F6C200F5A001 /* Products */ = {
			isa = PBXGroup;
			children = (
				DF592E792819F6C200F5A001 /* ios-refeicao.app */,
			);
			name = Products;
			sourceTree = "<group>";
		};
		DF592E7B2819F6C200F5A001 /* ios-refeicao */ = {
			isa = PBXGroup;
			children = (
				DF592E7C2819F6C200F5A001 /* AppDelegate.swift */,
				DF592E902819F74D00F5A001 /* models */,
				DF592E922819F76600F5A001 /* views */,
				DF592E912819F75700F5A001 /* controllers */,
				DF592E7E2819F6C200F5A001 /* SceneDelegate.swift */,
				DF592E852819F6C700F5A001 /* Assets.xcassets */,
				DF592E872819F6C700F5A001 /* LaunchScreen.storyboard */,
				DF592E8A2819F6C700F5A001 /* Info.plist */,
			);
			path = "ios-refeicao";
			sourceTree = "<group>";
		};
		DF592E902819F74D00F5A001 /* models */ = {
			isa = PBXGroup;
			children = (
				DF592E932819F7BC00F5A001 /* Refeicao.swift */,
				DF592E952819F7D500F5A001 /* Item.swift */,
				DF325902282C6187004233A6 /* Alerta.swift */,
				DF5C2FEE2832D76000B24BBB /* RefeicaoDao.swift */,
			);
			path = models;
			sourceTree = "<group>";
		};
		DF592E912819F75700F5A001 /* controllers */ = {
			isa = PBXGroup;
			children = (
				DF592E802819F6C200F5A001 /* ViewController.swift */,
				DF5FAA8D28295E9B00539B60 /* AdicionarItensViewController.swift */,
				DF592E972820573100F5A001 /* RefeicoesTableViewController.swift */,
				DF338FFA282D879A00ACE7C6 /* RemoveRefeicaoViewController.swift */,
			);
			path = controllers;
			sourceTree = "<group>";
		};
		DF592E922819F76600F5A001 /* views */ = {
			isa = PBXGroup;
			children = (
				DF592E822819F6C200F5A001 /* Main.storyboard */,
				DF5FAA8E28295E9B00539B60 /* AdicionarItensViewController.xib */,
			);
			path = views;
			sourceTree = "<group>";
		};
/* End PBXGroup section */

/* Begin PBXNativeTarget section */
		DF592E782819F6C200F5A001 /* ios-refeicao */ = {
			isa = PBXNativeTarget;
			buildConfigurationList = DF592E8D2819F6C700F5A001 /* Build configuration list for PBXNativeTarget "ios-refeicao" */;
			buildPhases = (
				DF592E752819F6C200F5A001 /* Sources */,
				DF592E762819F6C200F5A001 /* Frameworks */,
				DF592E772819F6C200F5A001 /* Resources */,
			);
			buildRules = (
			);
			dependencies = (
			);
			name = "ios-refeicao";
			productName = "ios-refeicao";
			productReference = DF592E792819F6C200F5A001 /* ios-refeicao.app */;
			productType = "com.apple.product-type.application";
		};
/* End PBXNativeTarget section */

/* Begin PBXProject section */
		DF592E712819F6C200F5A001 /* Project object */ = {
			isa = PBXProject;
			attributes = {
				BuildIndependentTargetsInParallel = 1;
				LastSwiftUpdateCheck = 1320;
				LastUpgradeCheck = 1320;
				TargetAttributes = {
					DF592E782819F6C200F5A001 = {
						CreatedOnToolsVersion = 13.2.1;
					};
				};
			};
			buildConfigurationList = DF592E742819F6C200F5A001 /* Build configuration list for PBXProject "ios-refeicao" */;
			compatibilityVersion = "Xcode 13.0";
			developmentRegion = en;
			hasScannedForEncodings = 0;
			knownRegions = (
				en,
				Base,
			);
			mainGroup = DF592E702819F6C200F5A001;
			productRefGroup = DF592E7A2819F6C200F5A001 /* Products */;
			projectDirPath = "";
			projectRoot = "";
			targets = (
				DF592E782819F6C200F5A001 /* ios-refeicao */,
			);
		};
/* End PBXProject section */

/* Begin PBXResourcesBuildPhase section */
		DF592E772819F6C200F5A001 /* Resources */ = {
			isa = PBXResourcesBuildPhase;
			buildActionMask = 2147483647;
			files = (
				DF592E892819F6C700F5A001 /* LaunchScreen.storyboard in Resources */,
				DF592E862819F6C700F5A001 /* Assets.xcassets in Resources */,
				DF5FAA9028295E9B00539B60 /* AdicionarItensViewController.xib in Resources */,
				DF592E842819F6C200F5A001 /* Main.storyboard in Resources */,
			);
			runOnlyForDeploymentPostprocessing = 0;
		};
/* End PBXResourcesBuildPhase section */

/* Begin PBXSourcesBuildPhase section */
		DF592E752819F6C200F5A001 /* Sources */ = {
			isa = PBXSourcesBuildPhase;
			buildActionMask = 2147483647;
			files = (
				DF325903282C6187004233A6 /* Alerta.swift in Sources */,
				DF592E962819F7D500F5A001 /* Item.swift in Sources */,
				DF592E812819F6C200F5A001 /* ViewController.swift in Sources */,
				DF338FFB282D879A00ACE7C6 /* RemoveRefeicaoViewController.swift in Sources */,
				DF5C2FEF2832D76000B24BBB /* RefeicaoDao.swift in Sources */,
				DF5FAA8F28295E9B00539B60 /* AdicionarItensViewController.swift in Sources */,
				DF592E7D2819F6C200F5A001 /* AppDelegate.swift in Sources */,
				DF592E982820573100F5A001 /* RefeicoesTableViewController.swift in Sources */,
				DF592E7F2819F6C200F5A001 /* SceneDelegate.swift in Sources */,
				DF592E942819F7BC00F5A001 /* Refeicao.swift in Sources */,
			);
			runOnlyForDeploymentPostprocessing = 0;
		};
/* End PBXSourcesBuildPhase section */

/* Begin PBXVariantGroup section */
		DF592E822819F6C200F5A001 /* Main.storyboard */ = {
			isa = PBXVariantGroup;
			children = (
				DF592E832819F6C200F5A001 /* Base */,
			);
			name = Main.storyboard;
			sourceTree = "<group>";
		};
		DF592E872819F6C700F5A001 /* LaunchScreen.storyboard */ = {
			isa = PBXVariantGroup;
			children = (
				DF592E882819F6C700F5A001 /* Base */,
			);
			name = LaunchScreen.storyboard;
			sourceTree = "<group>";
		};
/* End PBXVariantGroup section */

/* Begin XCBuildConfiguration section */
		DF592E8B2819F6C700F5A001 /* Debug */ = {
			isa = XCBuildConfiguration;
			buildSettings = {
				ALWAYS_SEARCH_USER_PATHS = NO;
				CLANG_ANALYZER_NONNULL = YES;
				CLANG_ANALYZER_NUMBER_OBJECT_CONVERSION = YES_AGGRESSIVE;
				CLANG_CXX_LANGUAGE_STANDARD = "gnu++17";
				CLANG_CXX_LIBRARY = "libc++";
				CLANG_ENABLE_MODULES = YES;
				CLANG_ENABLE_OBJC_ARC = YES;
				CLANG_ENABLE_OBJC_WEAK = YES;
				CLANG_WARN_BLOCK_CAPTURE_AUTORELEASING = YES;
				CLANG_WARN_BOOL_CONVERSION = YES;
				CLANG_WARN_COMMA = YES;
				CLANG_WARN_CONSTANT_CONVERSION = YES;
				CLANG_WARN_DEPRECATED_OBJC_IMPLEMENTATIONS = YES;
				CLANG_WARN_DIRECT_OBJC_ISA_USAGE = YES_ERROR;
				CLANG_WARN_DOCUMENTATION_COMMENTS = YES;
				CLANG_WARN_EMPTY_BODY = YES;
				CLANG_WARN_ENUM_CONVERSION = YES;
				CLANG_WARN_INFINITE_RECURSION = YES;
				CLANG_WARN_INT_CONVERSION = YES;
				CLANG_WARN_NON_LITERAL_NULL_CONVERSION = YES;
				CLANG_WARN_OBJC_IMPLICIT_RETAIN_SELF = YES;
				CLANG_WARN_OBJC_LITERAL_CONVERSION = YES;
				CLANG_WARN_OBJC_ROOT_CLASS = YES_ERROR;
				CLANG_WARN_QUOTED_INCLUDE_IN_FRAMEWORK_HEADER = YES;
				CLANG_WARN_RANGE_LOOP_ANALYSIS = YES;
				CLANG_WARN_STRICT_PROTOTYPES = YES;
				CLANG_WARN_SUSPICIOUS_MOVE = YES;
				CLANG_WARN_UNGUARDED_AVAILABILITY = YES_AGGRESSIVE;
				CLANG_WARN_UNREACHABLE_CODE = YES;
				CLANG_WARN__DUPLICATE_METHOD_MATCH = YES;
				COPY_PHASE_STRIP = NO;
				DEBUG_INFORMATION_FORMAT = dwarf;
				ENABLE_STRICT_OBJC_MSGSEND = YES;
				ENABLE_TESTABILITY = YES;
				GCC_C_LANGUAGE_STANDARD = gnu11;
				GCC_DYNAMIC_NO_PIC = NO;
				GCC_NO_COMMON_BLOCKS = YES;
				GCC_OPTIMIZATION_LEVEL = 0;
				GCC_PREPROCESSOR_DEFINITIONS = (
					"DEBUG=1",
					"$(inherited)",
				);
				GCC_WARN_64_TO_32_BIT_CONVERSION = YES;
				GCC_WARN_ABOUT_RETURN_TYPE = YES_ERROR;
				GCC_WARN_UNDECLARED_SELECTOR = YES;
				GCC_WARN_UNINITIALIZED_AUTOS = YES_AGGRESSIVE;
				GCC_WARN_UNUSED_FUNCTION = YES;
				GCC_WARN_UNUSED_VARIABLE = YES;
				IPHONEOS_DEPLOYMENT_TARGET = 15.2;
				MTL_ENABLE_DEBUG_INFO = INCLUDE_SOURCE;
				MTL_FAST_MATH = YES;
				ONLY_ACTIVE_ARCH = YES;
				SDKROOT = iphoneos;
				SWIFT_ACTIVE_COMPILATION_CONDITIONS = DEBUG;
				SWIFT_OPTIMIZATION_LEVEL = "-Onone";
			};
			name = Debug;
		};
		DF592E8C2819F6C700F5A001 /* Release */ = {
			isa = XCBuildConfiguration;
			buildSettings = {
				ALWAYS_SEARCH_USER_PATHS = NO;
				CLANG_ANALYZER_NONNULL = YES;
				CLANG_ANALYZER_NUMBER_OBJECT_CONVERSION = YES_AGGRESSIVE;
				CLANG_CXX_LANGUAGE_STANDARD = "gnu++17";
				CLANG_CXX_LIBRARY = "libc++";
				CLANG_ENABLE_MODULES = YES;
				CLANG_ENABLE_OBJC_ARC = YES;
				CLANG_ENABLE_OBJC_WEAK = YES;
				CLANG_WARN_BLOCK_CAPTURE_AUTORELEASING = YES;
				CLANG_WARN_BOOL_CONVERSION = YES;
				CLANG_WARN_COMMA = YES;
				CLANG_WARN_CONSTANT_CONVERSION = YES;
				CLANG_WARN_DEPRECATED_OBJC_IMPLEMENTATIONS = YES;
				CLANG_WARN_DIRECT_OBJC_ISA_USAGE = YES_ERROR;
				CLANG_WARN_DOCUMENTATION_COMMENTS = YES;
				CLANG_WARN_EMPTY_BODY = YES;
				CLANG_WARN_ENUM_CONVERSION = YES;
				CLANG_WARN_INFINITE_RECURSION = YES;
				CLANG_WARN_INT_CONVERSION = YES;
				CLANG_WARN_NON_LITERAL_NULL_CONVERSION = YES;
				CLANG_WARN_OBJC_IMPLICIT_RETAIN_SELF = YES;
				CLANG_WARN_OBJC_LITERAL_CONVERSION = YES;
				CLANG_WARN_OBJC_ROOT_CLASS = YES_ERROR;
				CLANG_WARN_QUOTED_INCLUDE_IN_FRAMEWORK_HEADER = YES;
				CLANG_WARN_RANGE_LOOP_ANALYSIS = YES;
				CLANG_WARN_STRICT_PROTOTYPES = YES;
				CLANG_WARN_SUSPICIOUS_MOVE = YES;
				CLANG_WARN_UNGUARDED_AVAILABILITY = YES_AGGRESSIVE;
				CLANG_WARN_UNREACHABLE_CODE = YES;
				CLANG_WARN__DUPLICATE_METHOD_MATCH = YES;
				COPY_PHASE_STRIP = NO;
				DEBUG_INFORMATION_FORMAT = "dwarf-with-dsym";
				ENABLE_NS_ASSERTIONS = NO;
				ENABLE_STRICT_OBJC_MSGSEND = YES;
				GCC_C_LANGUAGE_STANDARD = gnu11;
				GCC_NO_COMMON_BLOCKS = YES;
				GCC_WARN_64_TO_32_BIT_CONVERSION = YES;
				GCC_WARN_ABOUT_RETURN_TYPE = YES_ERROR;
				GCC_WARN_UNDECLARED_SELECTOR = YES;
				GCC_WARN_UNINITIALIZED_AUTOS = YES_AGGRESSIVE;
				GCC_WARN_UNUSED_FUNCTION = YES;
				GCC_WARN_UNUSED_VARIABLE = YES;
				IPHONEOS_DEPLOYMENT_TARGET = 15.2;
				MTL_ENABLE_DEBUG_INFO = NO;
				MTL_FAST_MATH = YES;
				SDKROOT = iphoneos;
				SWIFT_COMPILATION_MODE = wholemodule;
				SWIFT_OPTIMIZATION_LEVEL = "-O";
				VALIDATE_PRODUCT = YES;
			};
			name = Release;
		};
		DF592E8E2819F6C700F5A001 /* Debug */ = {
			isa = XCBuildConfiguration;
			buildSettings = {
				ASSETCATALOG_COMPILER_APPICON_NAME = AppIcon;
				ASSETCATALOG_COMPILER_GLOBAL_ACCENT_COLOR_NAME = AccentColor;
				CODE_SIGN_STYLE = Automatic;
				CURRENT_PROJECT_VERSION = 1;
				DEVELOPMENT_TEAM = VM8P3R69AQ;
				GENERATE_INFOPLIST_FILE = YES;
				INFOPLIST_FILE = "ios-refeicao/Info.plist";
				INFOPLIST_KEY_UIApplicationSupportsIndirectInputEvents = YES;
				INFOPLIST_KEY_UILaunchStoryboardName = LaunchScreen;
				INFOPLIST_KEY_UIMainStoryboardFile = Main;
				INFOPLIST_KEY_UISupportedInterfaceOrientations_iPad = "UIInterfaceOrientationPortrait UIInterfaceOrientationPortraitUpsideDown UIInterfaceOrientationLandscapeLeft UIInterfaceOrientationLandscapeRight";
				INFOPLIST_KEY_UISupportedInterfaceOrientations_iPhone = "UIInterfaceOrientationPortrait UIInterfaceOrientationLandscapeLeft UIInterfaceOrientationLandscapeRight";
				LD_RUNPATH_SEARCH_PATHS = (
					"$(inherited)",
					"@executable_path/Frameworks",
				);
				MARKETING_VERSION = 1.0;
				PRODUCT_BUNDLE_IDENTIFIER = "com.gmail.andrade.daniel.ios-refeicao";
				PRODUCT_NAME = "$(TARGET_NAME)";
				SWIFT_EMIT_LOC_STRINGS = YES;
				SWIFT_VERSION = 5.0;
				TARGETED_DEVICE_FAMILY = "1,2";
			};
			name = Debug;
		};
		DF592E8F2819F6C700F5A001 /* Release */ = {
			isa = XCBuildConfiguration;
			buildSettings = {
				ASSETCATALOG_COMPILER_APPICON_NAME = AppIcon;
				ASSETCATALOG_COMPILER_GLOBAL_ACCENT_COLOR_NAME = AccentColor;
				CODE_SIGN_STYLE = Automatic;
				CURRENT_PROJECT_VERSION = 1;
				DEVELOPMENT_TEAM = VM8P3R69AQ;
				GENERATE_INFOPLIST_FILE = YES;
				INFOPLIST_FILE = "ios-refeicao/Info.plist";
				INFOPLIST_KEY_UIApplicationSupportsIndirectInputEvents = YES;
				INFOPLIST_KEY_UILaunchStoryboardName = LaunchScreen;
				INFOPLIST_KEY_UIMainStoryboardFile = Main;
				INFOPLIST_KEY_UISupportedInterfaceOrientations_iPad = "UIInterfaceOrientationPortrait UIInterfaceOrientationPortraitUpsideDown UIInterfaceOrientationLandscapeLeft UIInterfaceOrientationLandscapeRight";
				INFOPLIST_KEY_UISupportedInterfaceOrientations_iPhone = "UIInterfaceOrientationPortrait UIInterfaceOrientationLandscapeLeft UIInterfaceOrientationLandscapeRight";
				LD_RUNPATH_SEARCH_PATHS = (
					"$(inherited)",
					"@executable_path/Frameworks",
				);
				MARKETING_VERSION = 1.0;
				PRODUCT_BUNDLE_IDENTIFIER = "com.gmail.andrade.daniel.ios-refeicao";
				PRODUCT_NAME = "$(TARGET_NAME)";
				SWIFT_EMIT_LOC_STRINGS = YES;
				SWIFT_VERSION = 5.0;
				TARGETED_DEVICE_FAMILY = "1,2";
			};
			name = Release;
		};
/* End XCBuildConfiguration section */

/* Begin XCConfigurationList section */
		DF592E742819F6C200F5A001 /* Build configuration list for PBXProject "ios-refeicao" */ = {
			isa = XCConfigurationList;
			buildConfigurations = (
				DF592E8B2819F6C700F5A001 /* Debug */,
				DF592E8C2819F6C700F5A001 /* Release */,
			);
			defaultConfigurationIsVisible = 0;
			defaultConfigurationName = Release;
		};
		DF592E8D2819F6C700F5A001 /* Build configuration list for PBXNativeTarget "ios-refeicao" */ = {
			isa = XCConfigurationList;
			buildConfigurations = (
				DF592E8E2819F6C700F5A001 /* Debug */,
				DF592E8F2819F6C700F5A001 /* Release */,
			);
			defaultConfigurationIsVisible = 0;
			defaultConfigurationName = Release;
		};
/* End XCConfigurationList section */
	};
	rootObject = DF592E712819F6C200F5A001 /* Project object */;
}
